
Microsoft Visual Studio Solution File, Format Version 12.00
# Visual Studio 15
VisualStudioVersion = 15.0.26206.0
MinimumVisualStudioVersion = 10.0.40219.1
Project("{FAE04EC0-301F-11D3-BF4B-00C04F79EFBC}") = "ConsoleWinForm1", "ConsoleWinForm1.csproj", "{B68D5B80-A66A-4F7F-9A63-0AB139958501}"
EndProject
Global
	GlobalSection(SolutionConfigurationPlatforms) = preSolution
		Debug|Any CPU = Debug|Any CPU
		Release|Any CPU = Release|Any CPU
	EndGlobalSection
	GlobalSection(ProjectConfigurationPlatforms) = postSolution
		{B68D5B80-A66A-4F7F-9A63-0AB139958501}.Debug|Any CPU.ActiveCfg = Debug|Any CPU
		{B68D5B80-A66A-4F7F-9A63-0AB139958501}.Debug|Any CPU.Build.0 = Debug|Any CPU
		{B68D5B80-A66A-4F7F-9A63-0AB139958501}.Release|Any CPU.ActiveCfg = Release|Any CPU
		{B68D5B80-A66A-4F7F-9A63-0AB139958501}.Release|Any CPU.Build.0 = Release|Any CPU
	EndGlobalSection
	GlobalSection(SolutionProperties) = preSolution
		HideSolutionNode = FALSE
	EndGlobalSection
EndGlobal
