
Microsoft Visual Studio Solution File, Format Version 12.00
# Visual Studio 15
VisualStudioVersion = 15.0.26206.0
MinimumVisualStudioVersion = 10.0.40219.1
Project("{FAE04EC0-301F-11D3-BF4B-00C04F79EFBC}") = "ConsoleInterface1", "ConsoleInterface1.csproj", "{B64A90EA-5DBC-4132-8C41-1B748B4A859C}"
EndProject
Global
	GlobalSection(SolutionConfigurationPlatforms) = preSolution
		Debug|Any CPU = Debug|Any CPU
		Release|Any CPU = Release|Any CPU
	EndGlobalSection
	GlobalSection(ProjectConfigurationPlatforms) = postSolution
		{B64A90EA-5DBC-4132-8C41-1B748B4A859C}.Debug|Any CPU.ActiveCfg = Debug|Any CPU
		{B64A90EA-5DBC-4132-8C41-1B748B4A859C}.Debug|Any CPU.Build.0 = Debug|Any CPU
		{B64A90EA-5DBC-4132-8C41-1B748B4A859C}.Release|Any CPU.ActiveCfg = Release|Any CPU
		{B64A90EA-5DBC-4132-8C41-1B748B4A859C}.Release|Any CPU.Build.0 = Release|Any CPU
	EndGlobalSection
	GlobalSection(SolutionProperties) = preSolution
		HideSolutionNode = FALSE
	EndGlobalSection
EndGlobal
