
Microsoft Visual Studio Solution File, Format Version 12.00
# Visual Studio 15
VisualStudioVersion = 15.0.26206.0
MinimumVisualStudioVersion = 10.0.40219.1
Project("{FAE04EC0-301F-11D3-BF4B-00C04F79EFBC}") = "ConsoleProperty3", "ConsoleProperty3.csproj", "{93B43ACD-AD6C-46DF-8E6F-23C8A3B5BA0E}"
EndProject
Global
	GlobalSection(SolutionConfigurationPlatforms) = preSolution
		Debug|Any CPU = Debug|Any CPU
		Release|Any CPU = Release|Any CPU
	EndGlobalSection
	GlobalSection(ProjectConfigurationPlatforms) = postSolution
		{93B43ACD-AD6C-46DF-8E6F-23C8A3B5BA0E}.Debug|Any CPU.ActiveCfg = Debug|Any CPU
		{93B43ACD-AD6C-46DF-8E6F-23C8A3B5BA0E}.Debug|Any CPU.Build.0 = Debug|Any CPU
		{93B43ACD-AD6C-46DF-8E6F-23C8A3B5BA0E}.Release|Any CPU.ActiveCfg = Release|Any CPU
		{93B43ACD-AD6C-46DF-8E6F-23C8A3B5BA0E}.Release|Any CPU.Build.0 = Release|Any CPU
	EndGlobalSection
	GlobalSection(SolutionProperties) = preSolution
		HideSolutionNode = FALSE
	EndGlobalSection
EndGlobal
